
Microsoft Visual Studio Solution File, Format Version 12.00
# Visual Studio 14
VisualStudioVersion = 14.0.23107.0
MinimumVisualStudioVersion = 10.0.40219.1
Project("{D954291E-2A0B-460D-934E-DC6B0785DB48}") = "ExtraStandard", "ExtraStandard\ExtraStandard.shproj", "{4A7ED0B3-8285-4342-807F-32F69186C5BE}"
EndProject
Project("{FAE04EC0-301F-11D3-BF4B-00C04F79EFBC}") = "ExtraStandard.Portable.Net45", "ExtraStandard.Portable.Net45\ExtraStandard.Portable.Net45.csproj", "{1BADF2D4-1CC0-4708-8249-6338EF6EEBAE}"
EndProject
Project("{FAE04EC0-301F-11D3-BF4B-00C04F79EFBC}") = "ExtraStandard.Portable.Net403", "ExtraStandard.Portable.Net403\ExtraStandard.Portable.Net403.csproj", "{115AF0DA-19C1-4E85-9569-BD1B0BA43D92}"
EndProject
Project("{FAE04EC0-301F-11D3-BF4B-00C04F79EFBC}") = "ExtraStandard.Net40", "ExtraStandard.Net40\ExtraStandard.Net40.csproj", "{90E2C66F-DA18-4EA0-A64F-67D9DC821B54}"
EndProject
Project("{D954291E-2A0B-460D-934E-DC6B0785DB48}") = "ExtraStandard.GkvKomServer", "ExtraStandard.GkvKomServer\ExtraStandard.GkvKomServer.shproj", "{A097DA31-3D1B-43D1-A7F3-07507AB5E1C1}"
EndProject
Project("{FAE04EC0-301F-11D3-BF4B-00C04F79EFBC}") = "ExtraStandard.GkvKomServer.Portable.Net403", "ExtraStandard.GkvKomServer.Portable.Net403\ExtraStandard.GkvKomServer.Portable.Net403.csproj", "{5CCB17AC-DA5A-48E4-A064-2E98148067D6}"
EndProject
Project("{FAE04EC0-301F-11D3-BF4B-00C04F79EFBC}") = "ExtraStandard.GkvKomServer.Net40", "ExtraStandard.GkvKomServer.Net40\ExtraStandard.GkvKomServer.Net40.csproj", "{9F54CDFB-D810-4B8A-8F7C-903E796B3AA9}"
EndProject
Project("{D954291E-2A0B-460D-934E-DC6B0785DB48}") = "ExtraStandard.Extra11", "ExtraStandard.Extra11\ExtraStandard.Extra11.shproj", "{D796C8C3-038A-47AE-8C66-71EC805C51D8}"
EndProject
Project("{D954291E-2A0B-460D-934E-DC6B0785DB48}") = "ExtraStandard.Extra13", "ExtraStandard.Extra13\ExtraStandard.Extra13.shproj", "{28587300-A615-43CA-A23C-83B526D8E4ED}"
EndProject
Project("{D954291E-2A0B-460D-934E-DC6B0785DB48}") = "ExtraStandard.Extra14", "ExtraStandard.Extra14\ExtraStandard.Extra14.shproj", "{5CE0117F-9346-4F3A-B981-DC83A4B207BE}"
EndProject
Project("{2150E333-8FDC-42A3-9474-1A3956D46DE8}") = "Standard", "Standard", "{6922B763-6260-433C-BB17-4E57A4EBDCFF}"
EndProject
Project("{2150E333-8FDC-42A3-9474-1A3956D46DE8}") = "Extra 1.1", "Extra 1.1", "{49BAE6DC-CBD5-45EA-8948-1DBD08DB8650}"
EndProject
Project("{FAE04EC0-301F-11D3-BF4B-00C04F79EFBC}") = "ExtraStandard.Extra11.Net40", "ExtraStandard.Extra11.Net40\ExtraStandard.Extra11.Net40.csproj", "{99C9C691-CB04-442F-BC2E-519B63468CAC}"
EndProject
Project("{2150E333-8FDC-42A3-9474-1A3956D46DE8}") = "Extra 1.3", "Extra 1.3", "{2C3CC169-88A3-4469-ABF9-323E97D2A4D5}"
EndProject
Project("{2150E333-8FDC-42A3-9474-1A3956D46DE8}") = "Extra 1.4", "Extra 1.4", "{5BFC1187-A6FC-4E89-B80C-50D90D86EC72}"
EndProject
Project("{FAE04EC0-301F-11D3-BF4B-00C04F79EFBC}") = "ExtraStandard.Extra13.Net40", "ExtraStandard.Extra13.Net40\ExtraStandard.Extra13.Net40.csproj", "{69A99ED6-88C6-4686-B867-BB62E6030BAC}"
EndProject
Project("{FAE04EC0-301F-11D3-BF4B-00C04F79EFBC}") = "ExtraStandard.Extra14.Net40", "ExtraStandard.Extra14.Net40\ExtraStandard.Extra14.Net40.csproj", "{D744DB6E-0345-4C82-90D1-B596BCFB42DC}"
EndProject
Project("{2150E333-8FDC-42A3-9474-1A3956D46DE8}") = "GKV Kommunikationsserver", "GKV Kommunikationsserver", "{6A1A2E19-B71E-4379-A60A-5D56986908CF}"
EndProject
Project("{FAE04EC0-301F-11D3-BF4B-00C04F79EFBC}") = "ExtraStandard.Extra13.Portable.Net403", "ExtraStandard.Extra13.Portable.Net403\ExtraStandard.Extra13.Portable.Net403.csproj", "{B5B04101-3D0C-4A34-A049-3D9D54D0DD4E}"
EndProject
Project("{FAE04EC0-301F-11D3-BF4B-00C04F79EFBC}") = "ExtraStandard.Extra14.Portable.Net403", "ExtraStandard.Extra14.Portable.Net403\ExtraStandard.Extra14.Portable.Net403.csproj", "{3E3558AA-5DBF-44EA-9E4E-09853E890717}"
EndProject
Project("{FAE04EC0-301F-11D3-BF4B-00C04F79EFBC}") = "ExtraStandard.Extra14.Portable.Net45", "ExtraStandard.Extra14.Portable.Net45\ExtraStandard.Extra14.Portable.Net45.csproj", "{2952AB57-0902-47EE-95EB-44FF7A6CB2C5}"
EndProject
Project("{FAE04EC0-301F-11D3-BF4B-00C04F79EFBC}") = "ExtraStandard.Extra13.Portable.Net45", "ExtraStandard.Extra13.Portable.Net45\ExtraStandard.Extra13.Portable.Net45.csproj", "{4DD1B5D4-7310-4283-9CF0-99694AE07F19}"
EndProject
Project("{2150E333-8FDC-42A3-9474-1A3956D46DE8}") = "Validierung", "Validierung", "{8C808736-7E41-4C3B-A5D1-2EDE2D588F9C}"
EndProject
Project("{FAE04EC0-301F-11D3-BF4B-00C04F79EFBC}") = "ExtraStandard.Validation", "ExtraStandard.Validation\ExtraStandard.Validation.csproj", "{9E2C5F39-B4B8-4E6C-86F1-240331D1AB1A}"
EndProject
Project("{FAE04EC0-301F-11D3-BF4B-00C04F79EFBC}") = "ExtraStandard.Validation.Extra11", "ExtraStandard.Validation.Extra11\ExtraStandard.Validation.Extra11.csproj", "{41021E4A-EB30-46CA-9A97-B847E0A22C41}"
EndProject
Project("{FAE04EC0-301F-11D3-BF4B-00C04F79EFBC}") = "ExtraStandard.Validation.Extra13", "ExtraStandard.Validation.Extra13\ExtraStandard.Validation.Extra13.csproj", "{14329C8F-D91B-4821-B6AA-D363A975F7D7}"
EndProject
Project("{FAE04EC0-301F-11D3-BF4B-00C04F79EFBC}") = "ExtraStandard.Validation.Extra14", "ExtraStandard.Validation.Extra14\ExtraStandard.Validation.Extra14.csproj", "{88B0B5E8-7665-4024-BE12-3B799BD3EA0B}"
EndProject
Project("{FAE04EC0-301F-11D3-BF4B-00C04F79EFBC}") = "ExtraStandard.Extra11.Portable.Net403", "ExtraStandard.Extra11.Portable.Net403\ExtraStandard.Extra11.Portable.Net403.csproj", "{7906794F-3120-42AC-9134-42901986449C}"
EndProject
Project("{FAE04EC0-301F-11D3-BF4B-00C04F79EFBC}") = "ExtraStandard.Extra11.Portable.Net45", "ExtraStandard.Extra11.Portable.Net45\ExtraStandard.Extra11.Portable.Net45.csproj", "{F1A63FAE-61A0-44F7-A10B-2971AE0D51BA}"
EndProject
Project("{2150E333-8FDC-42A3-9474-1A3956D46DE8}") = "Solution Items", "Solution Items", "{F83F59AB-C035-4D3A-A029-1CB98CF6C19E}"
	ProjectSection(SolutionItems) = preProject
		GlobalAssemblyInfo.cs = GlobalAssemblyInfo.cs
		LICENSE.md = LICENSE.md
		README.md = README.md
	EndProjectSection
EndProject
Project("{2150E333-8FDC-42A3-9474-1A3956D46DE8}") = "Extra 1.3", "Extra 1.3", "{370A8F0E-209F-4A64-B833-ED011D8CA373}"
EndProject
Project("{D954291E-2A0B-460D-934E-DC6B0785DB48}") = "ExtraStandard.GkvKomServer.Validation.Extra13", "ExtraStandard.GkvKomServer.Validation.Extra13\ExtraStandard.GkvKomServer.Validation.Extra13.shproj", "{FA2E33D9-23F3-4EDA-9449-FF553758D758}"
EndProject
Project("{FAE04EC0-301F-11D3-BF4B-00C04F79EFBC}") = "ExtraStandard.GkvKomServer.Validation.Extra13.Net40", "ExtraStandard.GkvKomServer.Validation.Extra13.Net40\ExtraStandard.GkvKomServer.Validation.Extra13.Net40.csproj", "{D93D2504-F15D-4B79-B3C1-25D3B1F80C39}"
EndProject
Project("{2150E333-8FDC-42A3-9474-1A3956D46DE8}") = "DRV Kommunikationsserver", "DRV Kommunikationsserver", "{BF2E9579-FEBB-47B8-AF47-9561FDFB5DED}"
EndProject
Project("{2150E333-8FDC-42A3-9474-1A3956D46DE8}") = "Extra 1.3", "Extra 1.3", "{72EADDDC-0360-4EC8-A66C-4C070CC3CE17}"
EndProject
Project("{D954291E-2A0B-460D-934E-DC6B0785DB48}") = "ExtraStandard.DrvKomServer.Extra13", "ExtraStandard.DrvKomServer.Extra13\ExtraStandard.DrvKomServer.Extra13.shproj", "{77FC3185-53A7-49E5-B2BB-8F9EFAA881F3}"
EndProject
Project("{FAE04EC0-301F-11D3-BF4B-00C04F79EFBC}") = "ExtraStandard.DrvKomServer.Extra13.Portable.Net403", "ExtraStandard.DrvKomServer.Extra13.Portable.Net403\ExtraStandard.DrvKomServer.Extra13.Portable.Net403.csproj", "{6CD1B1A5-C197-463D-BCF2-927064D7AAA0}"
EndProject
Project("{FAE04EC0-301F-11D3-BF4B-00C04F79EFBC}") = "ExtraStandard.DrvKomServer.Extra13.Portable.Net45", "ExtraStandard.DrvKomServer.Extra13.Portable.Net45\ExtraStandard.DrvKomServer.Extra13.Portable.Net45.csproj", "{716EC254-1617-4C2B-AFCD-2028745B158A}"
EndProject
Project("{FAE04EC0-301F-11D3-BF4B-00C04F79EFBC}") = "ExtraStandard.DrvKomServer.Extra13.Net40", "ExtraStandard.DrvKomServer.Extra13.Net40\ExtraStandard.DrvKomServer.Extra13.Net40.csproj", "{B41894A0-8FAF-48FC-93E9-096D3D7FAB28}"
EndProject
Project("{2150E333-8FDC-42A3-9474-1A3956D46DE8}") = "Validierung", "Validierung", "{ADDEF6D6-E360-4B05-8834-A5D670303D19}"
EndProject
Project("{2150E333-8FDC-42A3-9474-1A3956D46DE8}") = "Validierung", "Validierung", "{EC382130-C9B8-4A36-AEA5-42DD9C2A5813}"
EndProject
Project("{D954291E-2A0B-460D-934E-DC6B0785DB48}") = "ExtraStandard.DrvKomServer.Validation.Extra13", "ExtraStandard.DrvKomServer.Validation.Extra13\ExtraStandard.DrvKomServer.Validation.Extra13.shproj", "{DBCC7B89-9148-468C-959D-DB3AB7B666DF}"
EndProject
Project("{FAE04EC0-301F-11D3-BF4B-00C04F79EFBC}") = "ExtraStandard.DrvKomServer.Validation.Extra13.Net40", "ExtraStandard.DrvKomServer.Validation.Extra13.Net40\ExtraStandard.DrvKomServer.Validation.Extra13.Net40.csproj", "{F878DF29-78A8-45F8-AEA1-2944A78D05D0}"
EndProject
Project("{2150E333-8FDC-42A3-9474-1A3956D46DE8}") = "Tests", "Tests", "{9E1B4677-18D2-42CC-B6A7-6E134A34D66A}"
EndProject
Project("{FAE04EC0-301F-11D3-BF4B-00C04F79EFBC}") = "ExtraStandard.Tests", "ExtraStandard.Tests\ExtraStandard.Tests.csproj", "{7FBC9B34-06F6-4DBC-8663-8CFF246158C6}"
EndProject
Project("{FAE04EC0-301F-11D3-BF4B-00C04F79EFBC}") = "ExtraStandard.GkvKomServer.Portable.Net45", "ExtraStandard.GkvKomServer.Portable.Net45\ExtraStandard.GkvKomServer.Portable.Net45.csproj", "{DAF6F5F4-BEF3-45C7-9F0A-BDD3C9840CF6}"
EndProject
Project("{FF286327-C783-4F7A-AB73-9BCBAD0D4460}") = "ExtraStandard.Package", "ExtraStandard.Package\ExtraStandard.Package.nuproj", "{14D61991-1F49-4BF5-8B2C-BEA716DE250F}"
EndProject
Project("{FF286327-C783-4F7A-AB73-9BCBAD0D4460}") = "ExtraStandard.Extra13.Package", "ExtraStandard.Extra13.Package\ExtraStandard.Extra13.Package.nuproj", "{A129BB04-B61B-4678-8EC2-3D399FFB39A2}"
EndProject
Project("{FF286327-C783-4F7A-AB73-9BCBAD0D4460}") = "ExtraStandard.Validation.Package", "ExtraStandard.Validation.Package\ExtraStandard.Validation.Package.nuproj", "{A46E0361-5081-41EF-80B9-69834B31FDBD}"
EndProject
Project("{FF286327-C783-4F7A-AB73-9BCBAD0D4460}") = "ExtraStandard.Validation.Extra13.Package", "ExtraStandard.Validation.Extra13.Package\ExtraStandard.Validation.Extra13.Package.nuproj", "{428F366F-B1D2-40D5-B071-1DC607633235}"
EndProject
Project("{FF286327-C783-4F7A-AB73-9BCBAD0D4460}") = "ExtraStandard.GkvKomServer.Package", "ExtraStandard.GkvKomServer.Package\ExtraStandard.GkvKomServer.Package.nuproj", "{3CFC6F06-5CA4-4F9E-B1D2-E82BB9634C43}"
EndProject
Project("{FF286327-C783-4F7A-AB73-9BCBAD0D4460}") = "ExtraStandard.GkvKomServer.Validation.Extra13.Package", "ExtraStandard.GkvKomServer.Validation.Extra13.Package\ExtraStandard.GkvKomServer.Validation.Extra13.Package.nuproj", "{09CCCC4A-0CEE-4F55-94E3-94B98C3EAFBE}"
EndProject
Project("{FF286327-C783-4F7A-AB73-9BCBAD0D4460}") = "ExtraStandard.Extra11.Package", "ExtraStandard.Extra11.Package\ExtraStandard.Extra11.Package.nuproj", "{8A0B6EF8-4C41-4EC2-97A8-0A3AAB68FB03}"
EndProject
Project("{FF286327-C783-4F7A-AB73-9BCBAD0D4460}") = "ExtraStandard.Validation.Extra11.Package", "ExtraStandard.Validation.Extra11.Package\ExtraStandard.Validation.Extra11.Package.nuproj", "{5EB8054C-E2F4-41D7-99D3-C20E6F843B88}"
EndProject
Project("{FF286327-C783-4F7A-AB73-9BCBAD0D4460}") = "ExtraStandard.Extra14.Package", "ExtraStandard.Extra14.Package\ExtraStandard.Extra14.Package.nuproj", "{946415D3-F154-4657-8440-7F5A3EF27DAC}"
EndProject
Project("{FF286327-C783-4F7A-AB73-9BCBAD0D4460}") = "ExtraStandard.Validation.Extra14.Package", "ExtraStandard.Validation.Extra14.Package\ExtraStandard.Validation.Extra14.Package.nuproj", "{AE1816E3-EF41-4CFA-9F1D-DB4B6388BE13}"
EndProject
Project("{FF286327-C783-4F7A-AB73-9BCBAD0D4460}") = "ExtraStandard.DrvKomServer.Extra13.Package", "ExtraStandard.DrvKomServer.Extra13.Package\ExtraStandard.DrvKomServer.Extra13.Package.nuproj", "{202724BD-2CBD-47D3-AB9C-827CC68389F3}"
EndProject
Project("{FF286327-C783-4F7A-AB73-9BCBAD0D4460}") = "ExtraStandard.DrvKomServer.Validation.Extra13.Package", "ExtraStandard.DrvKomServer.Validation.Extra13.Package\ExtraStandard.DrvKomServer.Validation.Extra13.Package.nuproj", "{1086368F-002C-47F5-A660-2CD3474BF830}"
EndProject
Project("{2150E333-8FDC-42A3-9474-1A3956D46DE8}") = "Extra 1.4", "Extra 1.4", "{BE620363-5C9E-499F-A27B-F7CB477DE632}"
EndProject
Project("{2150E333-8FDC-42A3-9474-1A3956D46DE8}") = "Validierung", "Validierung", "{791D4895-D63A-4BC0-A636-6163CD96325D}"
EndProject
Project("{D954291E-2A0B-460D-934E-DC6B0785DB48}") = "ExtraStandard.GkvKomServer.Validation.Extra14", "ExtraStandard.GkvKomServer.Validation.Extra14\ExtraStandard.GkvKomServer.Validation.Extra14.shproj", "{622321F7-3522-4912-B563-785F6424FF79}"
EndProject
Project("{FAE04EC0-301F-11D3-BF4B-00C04F79EFBC}") = "ExtraStandard.GkvKomServer.Validation.Extra14.Net40", "ExtraStandard.GkvKomServer.Validation.Extra14.Net40\ExtraStandard.GkvKomServer.Validation.Extra14.Net40.csproj", "{5C086BB4-A763-4879-81B0-DB7C25C6FF70}"
EndProject
Project("{FF286327-C783-4F7A-AB73-9BCBAD0D4460}") = "ExtraStandard.GkvKomServer.Validation.Extra14.Package", "ExtraStandard.GkvKomServer.Validation.Extra14.Package\ExtraStandard.GkvKomServer.Validation.Extra14.Package.nuproj", "{40BE9FAE-314E-4A2F-A6E1-7D091592DE81}"
EndProject
Project("{D954291E-2A0B-460D-934E-DC6B0785DB48}") = "ExtraStandard.DrvKomServer", "ExtraStandard.DrvKomServer\ExtraStandard.DrvKomServer.shproj", "{A90E4382-B519-4FAD-B17A-CE9D777A57F5}"
EndProject
Project("{FAE04EC0-301F-11D3-BF4B-00C04F79EFBC}") = "ExtraStandard.DrvKomServer.Net40", "ExtraStandard.DrvKomServer.Net40\ExtraStandard.DrvKomServer.Net40.csproj", "{85C79C02-2554-4339-9655-162FE9EF1FF4}"
EndProject
Project("{FAE04EC0-301F-11D3-BF4B-00C04F79EFBC}") = "ExtraStandard.DrvKomServer.Net403", "ExtraStandard.DrvKomServer.Net403\ExtraStandard.DrvKomServer.Net403.csproj", "{0EABBF06-BAD2-4BC2-99CD-48AA80DF199B}"
EndProject
Project("{FAE04EC0-301F-11D3-BF4B-00C04F79EFBC}") = "ExtraStandard.DrvKomServer.Net45", "ExtraStandard.DrvKomServer.Net45\ExtraStandard.DrvKomServer.Net45.csproj", "{E8EC36A2-F192-49A6-8A3D-FB8CAEC145C6}"
EndProject
Project("{FF286327-C783-4F7A-AB73-9BCBAD0D4460}") = "ExtraStandard.DrvKomServer.Package", "ExtraStandard.DrvKomServer.Package\ExtraStandard.DrvKomServer.Package.nuproj", "{07CE7801-663C-4007-9322-263A04692B08}"
EndProject
Global
	GlobalSection(SharedMSBuildProjectFiles) = preSolution
		ExtraStandard.DrvKomServer.Validation.Extra13\ExtraStandard.DrvKomServer.Validation.Extra13.projitems*{dbcc7b89-9148-468c-959d-db3ab7b666df}*SharedItemsImports = 13
		ExtraStandard.GkvKomServer\ExtraStandard.GkvKomServer.projitems*{a097da31-3d1b-43d1-a7f3-07507ab5e1c1}*SharedItemsImports = 13
		ExtraStandard.Extra11\ExtraStandard.Extra11.projitems*{d796c8c3-038a-47ae-8c66-71ec805c51d8}*SharedItemsImports = 13
		ExtraStandard.Extra13\ExtraStandard.Extra13.projitems*{4dd1b5d4-7310-4283-9cf0-99694ae07f19}*SharedItemsImports = 4
		ExtraStandard.GkvKomServer\ExtraStandard.GkvKomServer.projitems*{5ccb17ac-da5a-48e4-a064-2e98148067d6}*SharedItemsImports = 4
		ExtraStandard.DrvKomServer.Validation.Extra13\ExtraStandard.DrvKomServer.Validation.Extra13.projitems*{f878df29-78a8-45f8-aea1-2944a78d05d0}*SharedItemsImports = 4
		ExtraStandard.DrvKomServer.Extra13\ExtraStandard.DrvKomServer.Extra13.projitems*{77fc3185-53a7-49e5-b2bb-8f9efaa881f3}*SharedItemsImports = 13
		ExtraStandard\ExtraStandard.projitems*{115af0da-19c1-4e85-9569-bd1b0ba43d92}*SharedItemsImports = 4
		ExtraStandard.Extra13\ExtraStandard.Extra13.projitems*{b5b04101-3d0c-4a34-a049-3d9d54d0dd4e}*SharedItemsImports = 4
		ExtraStandard.DrvKomServer\ExtraStandard.DrvKomServer.projitems*{85c79c02-2554-4339-9655-162fe9ef1ff4}*SharedItemsImports = 4
		ExtraStandard.Extra11\ExtraStandard.Extra11.projitems*{f1a63fae-61a0-44f7-a10b-2971ae0d51ba}*SharedItemsImports = 4
		ExtraStandard.DrvKomServer\ExtraStandard.DrvKomServer.projitems*{a90e4382-b519-4fad-b17a-ce9d777a57f5}*SharedItemsImports = 13
		ExtraStandard.GkvKomServer\ExtraStandard.GkvKomServer.projitems*{9f54cdfb-d810-4b8a-8f7c-903e796b3aa9}*SharedItemsImports = 4
		ExtraStandard.GkvKomServer\ExtraStandard.GkvKomServer.projitems*{daf6f5f4-bef3-45c7-9f0a-bdd3c9840cf6}*SharedItemsImports = 4
		ExtraStandard.DrvKomServer\ExtraStandard.DrvKomServer.projitems*{e8ec36a2-f192-49a6-8a3d-fb8caec145c6}*SharedItemsImports = 4
		ExtraStandard\ExtraStandard.projitems*{4a7ed0b3-8285-4342-807f-32f69186c5be}*SharedItemsImports = 13
		ExtraStandard.DrvKomServer\ExtraStandard.DrvKomServer.projitems*{0eabbf06-bad2-4bc2-99cd-48aa80df199b}*SharedItemsImports = 4
		ExtraStandard.Extra11\ExtraStandard.Extra11.projitems*{99c9c691-cb04-442f-bc2e-519b63468cac}*SharedItemsImports = 4
		ExtraStandard.Extra11\ExtraStandard.Extra11.projitems*{7906794f-3120-42ac-9134-42901986449c}*SharedItemsImports = 4
		ExtraStandard.Extra13\ExtraStandard.Extra13.projitems*{28587300-a615-43ca-a23c-83b526d8e4ed}*SharedItemsImports = 13
		ExtraStandard.GkvKomServer.Validation.Extra13\ExtraStandard.GkvKomServer.Validation.Extra13.projitems*{d93d2504-f15d-4b79-b3c1-25d3b1f80c39}*SharedItemsImports = 4
		ExtraStandard.Extra14\ExtraStandard.Extra14.projitems*{5ce0117f-9346-4f3a-b981-dc83a4b207be}*SharedItemsImports = 13
		ExtraStandard.GkvKomServer.Validation.Extra14\ExtraStandard.GkvKomServer.Validation.Extra14.projitems*{5c086bb4-a763-4879-81b0-db7c25c6ff70}*SharedItemsImports = 4
		ExtraStandard.GkvKomServer.Validation.Extra13\ExtraStandard.GkvKomServer.Validation.Extra13.projitems*{fa2e33d9-23f3-4eda-9449-ff553758d758}*SharedItemsImports = 13
		ExtraStandard\ExtraStandard.projitems*{90e2c66f-da18-4ea0-a64f-67d9dc821b54}*SharedItemsImports = 4
		ExtraStandard.GkvKomServer.Validation.Extra14\ExtraStandard.GkvKomServer.Validation.Extra14.projitems*{622321f7-3522-4912-b563-785f6424ff79}*SharedItemsImports = 13
		ExtraStandard.DrvKomServer.Extra13\ExtraStandard.DrvKomServer.Extra13.projitems*{b41894a0-8faf-48fc-93e9-096d3d7fab28}*SharedItemsImports = 4
		ExtraStandard.DrvKomServer.Extra13\ExtraStandard.DrvKomServer.Extra13.projitems*{6cd1b1a5-c197-463d-bcf2-927064d7aaa0}*SharedItemsImports = 4
		ExtraStandard.DrvKomServer.Extra13\ExtraStandard.DrvKomServer.Extra13.projitems*{716ec254-1617-4c2b-afcd-2028745b158a}*SharedItemsImports = 4
		ExtraStandard.Extra13\ExtraStandard.Extra13.projitems*{69a99ed6-88c6-4686-b867-bb62e6030bac}*SharedItemsImports = 4
		ExtraStandard.Extra14\ExtraStandard.Extra14.projitems*{d744db6e-0345-4c82-90d1-b596bcfb42dc}*SharedItemsImports = 4
		ExtraStandard.Extra14\ExtraStandard.Extra14.projitems*{2952ab57-0902-47ee-95eb-44ff7a6cb2c5}*SharedItemsImports = 4
		ExtraStandard\ExtraStandard.projitems*{1badf2d4-1cc0-4708-8249-6338ef6eebae}*SharedItemsImports = 4
		ExtraStandard.Extra14\ExtraStandard.Extra14.projitems*{3e3558aa-5dbf-44ea-9e4e-09853e890717}*SharedItemsImports = 4
	EndGlobalSection
	GlobalSection(SolutionConfigurationPlatforms) = preSolution
		Debug|Any CPU = Debug|Any CPU
		Release|Any CPU = Release|Any CPU
	EndGlobalSection
	GlobalSection(ProjectConfigurationPlatforms) = postSolution
		{1BADF2D4-1CC0-4708-8249-6338EF6EEBAE}.Debug|Any CPU.ActiveCfg = Debug|Any CPU
		{1BADF2D4-1CC0-4708-8249-6338EF6EEBAE}.Debug|Any CPU.Build.0 = Debug|Any CPU
		{1BADF2D4-1CC0-4708-8249-6338EF6EEBAE}.Release|Any CPU.ActiveCfg = Release|Any CPU
		{1BADF2D4-1CC0-4708-8249-6338EF6EEBAE}.Release|Any CPU.Build.0 = Release|Any CPU
		{115AF0DA-19C1-4E85-9569-BD1B0BA43D92}.Debug|Any CPU.ActiveCfg = Debug|Any CPU
		{115AF0DA-19C1-4E85-9569-BD1B0BA43D92}.Debug|Any CPU.Build.0 = Debug|Any CPU
		{115AF0DA-19C1-4E85-9569-BD1B0BA43D92}.Release|Any CPU.ActiveCfg = Release|Any CPU
		{115AF0DA-19C1-4E85-9569-BD1B0BA43D92}.Release|Any CPU.Build.0 = Release|Any CPU
		{90E2C66F-DA18-4EA0-A64F-67D9DC821B54}.Debug|Any CPU.ActiveCfg = Debug|Any CPU
		{90E2C66F-DA18-4EA0-A64F-67D9DC821B54}.Debug|Any CPU.Build.0 = Debug|Any CPU
		{90E2C66F-DA18-4EA0-A64F-67D9DC821B54}.Release|Any CPU.ActiveCfg = Release|Any CPU
		{90E2C66F-DA18-4EA0-A64F-67D9DC821B54}.Release|Any CPU.Build.0 = Release|Any CPU
		{5CCB17AC-DA5A-48E4-A064-2E98148067D6}.Debug|Any CPU.ActiveCfg = Debug|Any CPU
		{5CCB17AC-DA5A-48E4-A064-2E98148067D6}.Debug|Any CPU.Build.0 = Debug|Any CPU
		{5CCB17AC-DA5A-48E4-A064-2E98148067D6}.Release|Any CPU.ActiveCfg = Release|Any CPU
		{5CCB17AC-DA5A-48E4-A064-2E98148067D6}.Release|Any CPU.Build.0 = Release|Any CPU
		{9F54CDFB-D810-4B8A-8F7C-903E796B3AA9}.Debug|Any CPU.ActiveCfg = Debug|Any CPU
		{9F54CDFB-D810-4B8A-8F7C-903E796B3AA9}.Debug|Any CPU.Build.0 = Debug|Any CPU
		{9F54CDFB-D810-4B8A-8F7C-903E796B3AA9}.Release|Any CPU.ActiveCfg = Release|Any CPU
		{9F54CDFB-D810-4B8A-8F7C-903E796B3AA9}.Release|Any CPU.Build.0 = Release|Any CPU
		{99C9C691-CB04-442F-BC2E-519B63468CAC}.Debug|Any CPU.ActiveCfg = Debug|Any CPU
		{99C9C691-CB04-442F-BC2E-519B63468CAC}.Debug|Any CPU.Build.0 = Debug|Any CPU
		{99C9C691-CB04-442F-BC2E-519B63468CAC}.Release|Any CPU.ActiveCfg = Release|Any CPU
		{99C9C691-CB04-442F-BC2E-519B63468CAC}.Release|Any CPU.Build.0 = Release|Any CPU
		{69A99ED6-88C6-4686-B867-BB62E6030BAC}.Debug|Any CPU.ActiveCfg = Debug|Any CPU
		{69A99ED6-88C6-4686-B867-BB62E6030BAC}.Debug|Any CPU.Build.0 = Debug|Any CPU
		{69A99ED6-88C6-4686-B867-BB62E6030BAC}.Release|Any CPU.ActiveCfg = Release|Any CPU
		{69A99ED6-88C6-4686-B867-BB62E6030BAC}.Release|Any CPU.Build.0 = Release|Any CPU
		{D744DB6E-0345-4C82-90D1-B596BCFB42DC}.Debug|Any CPU.ActiveCfg = Debug|Any CPU
		{D744DB6E-0345-4C82-90D1-B596BCFB42DC}.Debug|Any CPU.Build.0 = Debug|Any CPU
		{D744DB6E-0345-4C82-90D1-B596BCFB42DC}.Release|Any CPU.ActiveCfg = Release|Any CPU
		{D744DB6E-0345-4C82-90D1-B596BCFB42DC}.Release|Any CPU.Build.0 = Release|Any CPU
		{B5B04101-3D0C-4A34-A049-3D9D54D0DD4E}.Debug|Any CPU.ActiveCfg = Debug|Any CPU
		{B5B04101-3D0C-4A34-A049-3D9D54D0DD4E}.Debug|Any CPU.Build.0 = Debug|Any CPU
		{B5B04101-3D0C-4A34-A049-3D9D54D0DD4E}.Release|Any CPU.ActiveCfg = Release|Any CPU
		{B5B04101-3D0C-4A34-A049-3D9D54D0DD4E}.Release|Any CPU.Build.0 = Release|Any CPU
		{3E3558AA-5DBF-44EA-9E4E-09853E890717}.Debug|Any CPU.ActiveCfg = Debug|Any CPU
		{3E3558AA-5DBF-44EA-9E4E-09853E890717}.Debug|Any CPU.Build.0 = Debug|Any CPU
		{3E3558AA-5DBF-44EA-9E4E-09853E890717}.Release|Any CPU.ActiveCfg = Release|Any CPU
		{3E3558AA-5DBF-44EA-9E4E-09853E890717}.Release|Any CPU.Build.0 = Release|Any CPU
		{2952AB57-0902-47EE-95EB-44FF7A6CB2C5}.Debug|Any CPU.ActiveCfg = Debug|Any CPU
		{2952AB57-0902-47EE-95EB-44FF7A6CB2C5}.Debug|Any CPU.Build.0 = Debug|Any CPU
		{2952AB57-0902-47EE-95EB-44FF7A6CB2C5}.Release|Any CPU.ActiveCfg = Release|Any CPU
		{2952AB57-0902-47EE-95EB-44FF7A6CB2C5}.Release|Any CPU.Build.0 = Release|Any CPU
		{4DD1B5D4-7310-4283-9CF0-99694AE07F19}.Debug|Any CPU.ActiveCfg = Debug|Any CPU
		{4DD1B5D4-7310-4283-9CF0-99694AE07F19}.Debug|Any CPU.Build.0 = Debug|Any CPU
		{4DD1B5D4-7310-4283-9CF0-99694AE07F19}.Release|Any CPU.ActiveCfg = Release|Any CPU
		{4DD1B5D4-7310-4283-9CF0-99694AE07F19}.Release|Any CPU.Build.0 = Release|Any CPU
		{9E2C5F39-B4B8-4E6C-86F1-240331D1AB1A}.Debug|Any CPU.ActiveCfg = Debug|Any CPU
		{9E2C5F39-B4B8-4E6C-86F1-240331D1AB1A}.Debug|Any CPU.Build.0 = Debug|Any CPU
		{9E2C5F39-B4B8-4E6C-86F1-240331D1AB1A}.Release|Any CPU.ActiveCfg = Release|Any CPU
		{9E2C5F39-B4B8-4E6C-86F1-240331D1AB1A}.Release|Any CPU.Build.0 = Release|Any CPU
		{41021E4A-EB30-46CA-9A97-B847E0A22C41}.Debug|Any CPU.ActiveCfg = Debug|Any CPU
		{41021E4A-EB30-46CA-9A97-B847E0A22C41}.Debug|Any CPU.Build.0 = Debug|Any CPU
		{41021E4A-EB30-46CA-9A97-B847E0A22C41}.Release|Any CPU.ActiveCfg = Release|Any CPU
		{41021E4A-EB30-46CA-9A97-B847E0A22C41}.Release|Any CPU.Build.0 = Release|Any CPU
		{14329C8F-D91B-4821-B6AA-D363A975F7D7}.Debug|Any CPU.ActiveCfg = Debug|Any CPU
		{14329C8F-D91B-4821-B6AA-D363A975F7D7}.Debug|Any CPU.Build.0 = Debug|Any CPU
		{14329C8F-D91B-4821-B6AA-D363A975F7D7}.Release|Any CPU.ActiveCfg = Release|Any CPU
		{14329C8F-D91B-4821-B6AA-D363A975F7D7}.Release|Any CPU.Build.0 = Release|Any CPU
		{88B0B5E8-7665-4024-BE12-3B799BD3EA0B}.Debug|Any CPU.ActiveCfg = Debug|Any CPU
		{88B0B5E8-7665-4024-BE12-3B799BD3EA0B}.Debug|Any CPU.Build.0 = Debug|Any CPU
		{88B0B5E8-7665-4024-BE12-3B799BD3EA0B}.Release|Any CPU.ActiveCfg = Release|Any CPU
		{88B0B5E8-7665-4024-BE12-3B799BD3EA0B}.Release|Any CPU.Build.0 = Release|Any CPU
		{7906794F-3120-42AC-9134-42901986449C}.Debug|Any CPU.ActiveCfg = Debug|Any CPU
		{7906794F-3120-42AC-9134-42901986449C}.Debug|Any CPU.Build.0 = Debug|Any CPU
		{7906794F-3120-42AC-9134-42901986449C}.Release|Any CPU.ActiveCfg = Release|Any CPU
		{7906794F-3120-42AC-9134-42901986449C}.Release|Any CPU.Build.0 = Release|Any CPU
		{F1A63FAE-61A0-44F7-A10B-2971AE0D51BA}.Debug|Any CPU.ActiveCfg = Debug|Any CPU
		{F1A63FAE-61A0-44F7-A10B-2971AE0D51BA}.Debug|Any CPU.Build.0 = Debug|Any CPU
		{F1A63FAE-61A0-44F7-A10B-2971AE0D51BA}.Release|Any CPU.ActiveCfg = Release|Any CPU
		{F1A63FAE-61A0-44F7-A10B-2971AE0D51BA}.Release|Any CPU.Build.0 = Release|Any CPU
		{D93D2504-F15D-4B79-B3C1-25D3B1F80C39}.Debug|Any CPU.ActiveCfg = Debug|Any CPU
		{D93D2504-F15D-4B79-B3C1-25D3B1F80C39}.Debug|Any CPU.Build.0 = Debug|Any CPU
		{D93D2504-F15D-4B79-B3C1-25D3B1F80C39}.Release|Any CPU.ActiveCfg = Release|Any CPU
		{D93D2504-F15D-4B79-B3C1-25D3B1F80C39}.Release|Any CPU.Build.0 = Release|Any CPU
		{6CD1B1A5-C197-463D-BCF2-927064D7AAA0}.Debug|Any CPU.ActiveCfg = Debug|Any CPU
		{6CD1B1A5-C197-463D-BCF2-927064D7AAA0}.Debug|Any CPU.Build.0 = Debug|Any CPU
		{6CD1B1A5-C197-463D-BCF2-927064D7AAA0}.Release|Any CPU.ActiveCfg = Release|Any CPU
		{6CD1B1A5-C197-463D-BCF2-927064D7AAA0}.Release|Any CPU.Build.0 = Release|Any CPU
		{716EC254-1617-4C2B-AFCD-2028745B158A}.Debug|Any CPU.ActiveCfg = Debug|Any CPU
		{716EC254-1617-4C2B-AFCD-2028745B158A}.Debug|Any CPU.Build.0 = Debug|Any CPU
		{716EC254-1617-4C2B-AFCD-2028745B158A}.Release|Any CPU.ActiveCfg = Release|Any CPU
		{716EC254-1617-4C2B-AFCD-2028745B158A}.Release|Any CPU.Build.0 = Release|Any CPU
		{B41894A0-8FAF-48FC-93E9-096D3D7FAB28}.Debug|Any CPU.ActiveCfg = Debug|Any CPU
		{B41894A0-8FAF-48FC-93E9-096D3D7FAB28}.Debug|Any CPU.Build.0 = Debug|Any CPU
		{B41894A0-8FAF-48FC-93E9-096D3D7FAB28}.Release|Any CPU.ActiveCfg = Release|Any CPU
		{B41894A0-8FAF-48FC-93E9-096D3D7FAB28}.Release|Any CPU.Build.0 = Release|Any CPU
		{F878DF29-78A8-45F8-AEA1-2944A78D05D0}.Debug|Any CPU.ActiveCfg = Debug|Any CPU
		{F878DF29-78A8-45F8-AEA1-2944A78D05D0}.Debug|Any CPU.Build.0 = Debug|Any CPU
		{F878DF29-78A8-45F8-AEA1-2944A78D05D0}.Release|Any CPU.ActiveCfg = Release|Any CPU
		{F878DF29-78A8-45F8-AEA1-2944A78D05D0}.Release|Any CPU.Build.0 = Release|Any CPU
		{7FBC9B34-06F6-4DBC-8663-8CFF246158C6}.Debug|Any CPU.ActiveCfg = Debug|Any CPU
		{7FBC9B34-06F6-4DBC-8663-8CFF246158C6}.Debug|Any CPU.Build.0 = Debug|Any CPU
		{7FBC9B34-06F6-4DBC-8663-8CFF246158C6}.Release|Any CPU.ActiveCfg = Release|Any CPU
		{7FBC9B34-06F6-4DBC-8663-8CFF246158C6}.Release|Any CPU.Build.0 = Release|Any CPU
		{DAF6F5F4-BEF3-45C7-9F0A-BDD3C9840CF6}.Debug|Any CPU.ActiveCfg = Debug|Any CPU
		{DAF6F5F4-BEF3-45C7-9F0A-BDD3C9840CF6}.Debug|Any CPU.Build.0 = Debug|Any CPU
		{DAF6F5F4-BEF3-45C7-9F0A-BDD3C9840CF6}.Release|Any CPU.ActiveCfg = Release|Any CPU
		{DAF6F5F4-BEF3-45C7-9F0A-BDD3C9840CF6}.Release|Any CPU.Build.0 = Release|Any CPU
		{14D61991-1F49-4BF5-8B2C-BEA716DE250F}.Debug|Any CPU.ActiveCfg = Debug|Any CPU
		{14D61991-1F49-4BF5-8B2C-BEA716DE250F}.Debug|Any CPU.Build.0 = Debug|Any CPU
		{14D61991-1F49-4BF5-8B2C-BEA716DE250F}.Release|Any CPU.ActiveCfg = Release|Any CPU
		{14D61991-1F49-4BF5-8B2C-BEA716DE250F}.Release|Any CPU.Build.0 = Release|Any CPU
		{A129BB04-B61B-4678-8EC2-3D399FFB39A2}.Debug|Any CPU.ActiveCfg = Debug|Any CPU
		{A129BB04-B61B-4678-8EC2-3D399FFB39A2}.Debug|Any CPU.Build.0 = Debug|Any CPU
		{A129BB04-B61B-4678-8EC2-3D399FFB39A2}.Release|Any CPU.ActiveCfg = Release|Any CPU
		{A129BB04-B61B-4678-8EC2-3D399FFB39A2}.Release|Any CPU.Build.0 = Release|Any CPU
		{A46E0361-5081-41EF-80B9-69834B31FDBD}.Debug|Any CPU.ActiveCfg = Debug|Any CPU
		{A46E0361-5081-41EF-80B9-69834B31FDBD}.Debug|Any CPU.Build.0 = Debug|Any CPU
		{A46E0361-5081-41EF-80B9-69834B31FDBD}.Release|Any CPU.ActiveCfg = Release|Any CPU
		{A46E0361-5081-41EF-80B9-69834B31FDBD}.Release|Any CPU.Build.0 = Release|Any CPU
		{428F366F-B1D2-40D5-B071-1DC607633235}.Debug|Any CPU.ActiveCfg = Debug|Any CPU
		{428F366F-B1D2-40D5-B071-1DC607633235}.Debug|Any CPU.Build.0 = Debug|Any CPU
		{428F366F-B1D2-40D5-B071-1DC607633235}.Release|Any CPU.ActiveCfg = Release|Any CPU
		{428F366F-B1D2-40D5-B071-1DC607633235}.Release|Any CPU.Build.0 = Release|Any CPU
		{3CFC6F06-5CA4-4F9E-B1D2-E82BB9634C43}.Debug|Any CPU.ActiveCfg = Debug|Any CPU
		{3CFC6F06-5CA4-4F9E-B1D2-E82BB9634C43}.Debug|Any CPU.Build.0 = Debug|Any CPU
		{3CFC6F06-5CA4-4F9E-B1D2-E82BB9634C43}.Release|Any CPU.ActiveCfg = Release|Any CPU
		{3CFC6F06-5CA4-4F9E-B1D2-E82BB9634C43}.Release|Any CPU.Build.0 = Release|Any CPU
		{09CCCC4A-0CEE-4F55-94E3-94B98C3EAFBE}.Debug|Any CPU.ActiveCfg = Debug|Any CPU
		{09CCCC4A-0CEE-4F55-94E3-94B98C3EAFBE}.Debug|Any CPU.Build.0 = Debug|Any CPU
		{09CCCC4A-0CEE-4F55-94E3-94B98C3EAFBE}.Release|Any CPU.ActiveCfg = Release|Any CPU
		{09CCCC4A-0CEE-4F55-94E3-94B98C3EAFBE}.Release|Any CPU.Build.0 = Release|Any CPU
		{8A0B6EF8-4C41-4EC2-97A8-0A3AAB68FB03}.Debug|Any CPU.ActiveCfg = Debug|Any CPU
		{8A0B6EF8-4C41-4EC2-97A8-0A3AAB68FB03}.Debug|Any CPU.Build.0 = Debug|Any CPU
		{8A0B6EF8-4C41-4EC2-97A8-0A3AAB68FB03}.Release|Any CPU.ActiveCfg = Release|Any CPU
		{8A0B6EF8-4C41-4EC2-97A8-0A3AAB68FB03}.Release|Any CPU.Build.0 = Release|Any CPU
		{5EB8054C-E2F4-41D7-99D3-C20E6F843B88}.Debug|Any CPU.ActiveCfg = Debug|Any CPU
		{5EB8054C-E2F4-41D7-99D3-C20E6F843B88}.Debug|Any CPU.Build.0 = Debug|Any CPU
		{5EB8054C-E2F4-41D7-99D3-C20E6F843B88}.Release|Any CPU.ActiveCfg = Release|Any CPU
		{5EB8054C-E2F4-41D7-99D3-C20E6F843B88}.Release|Any CPU.Build.0 = Release|Any CPU
		{946415D3-F154-4657-8440-7F5A3EF27DAC}.Debug|Any CPU.ActiveCfg = Debug|Any CPU
		{946415D3-F154-4657-8440-7F5A3EF27DAC}.Debug|Any CPU.Build.0 = Debug|Any CPU
		{946415D3-F154-4657-8440-7F5A3EF27DAC}.Release|Any CPU.ActiveCfg = Release|Any CPU
		{946415D3-F154-4657-8440-7F5A3EF27DAC}.Release|Any CPU.Build.0 = Release|Any CPU
		{AE1816E3-EF41-4CFA-9F1D-DB4B6388BE13}.Debug|Any CPU.ActiveCfg = Debug|Any CPU
		{AE1816E3-EF41-4CFA-9F1D-DB4B6388BE13}.Debug|Any CPU.Build.0 = Debug|Any CPU
		{AE1816E3-EF41-4CFA-9F1D-DB4B6388BE13}.Release|Any CPU.ActiveCfg = Release|Any CPU
		{AE1816E3-EF41-4CFA-9F1D-DB4B6388BE13}.Release|Any CPU.Build.0 = Release|Any CPU
		{202724BD-2CBD-47D3-AB9C-827CC68389F3}.Debug|Any CPU.ActiveCfg = Debug|Any CPU
		{202724BD-2CBD-47D3-AB9C-827CC68389F3}.Debug|Any CPU.Build.0 = Debug|Any CPU
		{202724BD-2CBD-47D3-AB9C-827CC68389F3}.Release|Any CPU.ActiveCfg = Release|Any CPU
		{202724BD-2CBD-47D3-AB9C-827CC68389F3}.Release|Any CPU.Build.0 = Release|Any CPU
		{1086368F-002C-47F5-A660-2CD3474BF830}.Debug|Any CPU.ActiveCfg = Debug|Any CPU
		{1086368F-002C-47F5-A660-2CD3474BF830}.Debug|Any CPU.Build.0 = Debug|Any CPU
		{1086368F-002C-47F5-A660-2CD3474BF830}.Release|Any CPU.ActiveCfg = Release|Any CPU
		{1086368F-002C-47F5-A660-2CD3474BF830}.Release|Any CPU.Build.0 = Release|Any CPU
		{5C086BB4-A763-4879-81B0-DB7C25C6FF70}.Debug|Any CPU.ActiveCfg = Debug|Any CPU
		{5C086BB4-A763-4879-81B0-DB7C25C6FF70}.Debug|Any CPU.Build.0 = Debug|Any CPU
		{5C086BB4-A763-4879-81B0-DB7C25C6FF70}.Release|Any CPU.ActiveCfg = Release|Any CPU
		{5C086BB4-A763-4879-81B0-DB7C25C6FF70}.Release|Any CPU.Build.0 = Release|Any CPU
		{40BE9FAE-314E-4A2F-A6E1-7D091592DE81}.Debug|Any CPU.ActiveCfg = Debug|Any CPU
		{40BE9FAE-314E-4A2F-A6E1-7D091592DE81}.Debug|Any CPU.Build.0 = Debug|Any CPU
		{40BE9FAE-314E-4A2F-A6E1-7D091592DE81}.Release|Any CPU.ActiveCfg = Release|Any CPU
		{40BE9FAE-314E-4A2F-A6E1-7D091592DE81}.Release|Any CPU.Build.0 = Release|Any CPU
		{85C79C02-2554-4339-9655-162FE9EF1FF4}.Debug|Any CPU.ActiveCfg = Debug|Any CPU
		{85C79C02-2554-4339-9655-162FE9EF1FF4}.Debug|Any CPU.Build.0 = Debug|Any CPU
		{85C79C02-2554-4339-9655-162FE9EF1FF4}.Release|Any CPU.ActiveCfg = Release|Any CPU
		{85C79C02-2554-4339-9655-162FE9EF1FF4}.Release|Any CPU.Build.0 = Release|Any CPU
		{0EABBF06-BAD2-4BC2-99CD-48AA80DF199B}.Debug|Any CPU.ActiveCfg = Debug|Any CPU
		{0EABBF06-BAD2-4BC2-99CD-48AA80DF199B}.Debug|Any CPU.Build.0 = Debug|Any CPU
		{0EABBF06-BAD2-4BC2-99CD-48AA80DF199B}.Release|Any CPU.ActiveCfg = Release|Any CPU
		{0EABBF06-BAD2-4BC2-99CD-48AA80DF199B}.Release|Any CPU.Build.0 = Release|Any CPU
		{E8EC36A2-F192-49A6-8A3D-FB8CAEC145C6}.Debug|Any CPU.ActiveCfg = Debug|Any CPU
		{E8EC36A2-F192-49A6-8A3D-FB8CAEC145C6}.Debug|Any CPU.Build.0 = Debug|Any CPU
		{E8EC36A2-F192-49A6-8A3D-FB8CAEC145C6}.Release|Any CPU.ActiveCfg = Release|Any CPU
		{E8EC36A2-F192-49A6-8A3D-FB8CAEC145C6}.Release|Any CPU.Build.0 = Release|Any CPU
		{07CE7801-663C-4007-9322-263A04692B08}.Debug|Any CPU.ActiveCfg = Debug|Any CPU
		{07CE7801-663C-4007-9322-263A04692B08}.Debug|Any CPU.Build.0 = Debug|Any CPU
		{07CE7801-663C-4007-9322-263A04692B08}.Release|Any CPU.ActiveCfg = Release|Any CPU
		{07CE7801-663C-4007-9322-263A04692B08}.Release|Any CPU.Build.0 = Release|Any CPU
	EndGlobalSection
	GlobalSection(SolutionProperties) = preSolution
		HideSolutionNode = FALSE
	EndGlobalSection
	GlobalSection(NestedProjects) = preSolution
		{4A7ED0B3-8285-4342-807F-32F69186C5BE} = {6922B763-6260-433C-BB17-4E57A4EBDCFF}
		{1BADF2D4-1CC0-4708-8249-6338EF6EEBAE} = {6922B763-6260-433C-BB17-4E57A4EBDCFF}
		{115AF0DA-19C1-4E85-9569-BD1B0BA43D92} = {6922B763-6260-433C-BB17-4E57A4EBDCFF}
		{90E2C66F-DA18-4EA0-A64F-67D9DC821B54} = {6922B763-6260-433C-BB17-4E57A4EBDCFF}
		{A097DA31-3D1B-43D1-A7F3-07507AB5E1C1} = {6A1A2E19-B71E-4379-A60A-5D56986908CF}
		{5CCB17AC-DA5A-48E4-A064-2E98148067D6} = {6A1A2E19-B71E-4379-A60A-5D56986908CF}
		{9F54CDFB-D810-4B8A-8F7C-903E796B3AA9} = {6A1A2E19-B71E-4379-A60A-5D56986908CF}
		{D796C8C3-038A-47AE-8C66-71EC805C51D8} = {49BAE6DC-CBD5-45EA-8948-1DBD08DB8650}
		{28587300-A615-43CA-A23C-83B526D8E4ED} = {2C3CC169-88A3-4469-ABF9-323E97D2A4D5}
		{5CE0117F-9346-4F3A-B981-DC83A4B207BE} = {5BFC1187-A6FC-4E89-B80C-50D90D86EC72}
		{49BAE6DC-CBD5-45EA-8948-1DBD08DB8650} = {6922B763-6260-433C-BB17-4E57A4EBDCFF}
		{99C9C691-CB04-442F-BC2E-519B63468CAC} = {49BAE6DC-CBD5-45EA-8948-1DBD08DB8650}
		{2C3CC169-88A3-4469-ABF9-323E97D2A4D5} = {6922B763-6260-433C-BB17-4E57A4EBDCFF}
		{5BFC1187-A6FC-4E89-B80C-50D90D86EC72} = {6922B763-6260-433C-BB17-4E57A4EBDCFF}
		{69A99ED6-88C6-4686-B867-BB62E6030BAC} = {2C3CC169-88A3-4469-ABF9-323E97D2A4D5}
		{D744DB6E-0345-4C82-90D1-B596BCFB42DC} = {5BFC1187-A6FC-4E89-B80C-50D90D86EC72}
		{B5B04101-3D0C-4A34-A049-3D9D54D0DD4E} = {2C3CC169-88A3-4469-ABF9-323E97D2A4D5}
		{3E3558AA-5DBF-44EA-9E4E-09853E890717} = {5BFC1187-A6FC-4E89-B80C-50D90D86EC72}
		{2952AB57-0902-47EE-95EB-44FF7A6CB2C5} = {5BFC1187-A6FC-4E89-B80C-50D90D86EC72}
		{4DD1B5D4-7310-4283-9CF0-99694AE07F19} = {2C3CC169-88A3-4469-ABF9-323E97D2A4D5}
		{8C808736-7E41-4C3B-A5D1-2EDE2D588F9C} = {6922B763-6260-433C-BB17-4E57A4EBDCFF}
		{9E2C5F39-B4B8-4E6C-86F1-240331D1AB1A} = {8C808736-7E41-4C3B-A5D1-2EDE2D588F9C}
		{41021E4A-EB30-46CA-9A97-B847E0A22C41} = {8C808736-7E41-4C3B-A5D1-2EDE2D588F9C}
		{14329C8F-D91B-4821-B6AA-D363A975F7D7} = {8C808736-7E41-4C3B-A5D1-2EDE2D588F9C}
		{88B0B5E8-7665-4024-BE12-3B799BD3EA0B} = {8C808736-7E41-4C3B-A5D1-2EDE2D588F9C}
		{7906794F-3120-42AC-9134-42901986449C} = {49BAE6DC-CBD5-45EA-8948-1DBD08DB8650}
		{F1A63FAE-61A0-44F7-A10B-2971AE0D51BA} = {49BAE6DC-CBD5-45EA-8948-1DBD08DB8650}
		{370A8F0E-209F-4A64-B833-ED011D8CA373} = {6A1A2E19-B71E-4379-A60A-5D56986908CF}
		{FA2E33D9-23F3-4EDA-9449-FF553758D758} = {EC382130-C9B8-4A36-AEA5-42DD9C2A5813}
		{D93D2504-F15D-4B79-B3C1-25D3B1F80C39} = {EC382130-C9B8-4A36-AEA5-42DD9C2A5813}
		{72EADDDC-0360-4EC8-A66C-4C070CC3CE17} = {BF2E9579-FEBB-47B8-AF47-9561FDFB5DED}
		{77FC3185-53A7-49E5-B2BB-8F9EFAA881F3} = {72EADDDC-0360-4EC8-A66C-4C070CC3CE17}
		{6CD1B1A5-C197-463D-BCF2-927064D7AAA0} = {72EADDDC-0360-4EC8-A66C-4C070CC3CE17}
		{716EC254-1617-4C2B-AFCD-2028745B158A} = {72EADDDC-0360-4EC8-A66C-4C070CC3CE17}
		{B41894A0-8FAF-48FC-93E9-096D3D7FAB28} = {72EADDDC-0360-4EC8-A66C-4C070CC3CE17}
		{ADDEF6D6-E360-4B05-8834-A5D670303D19} = {72EADDDC-0360-4EC8-A66C-4C070CC3CE17}
		{EC382130-C9B8-4A36-AEA5-42DD9C2A5813} = {370A8F0E-209F-4A64-B833-ED011D8CA373}
		{DBCC7B89-9148-468C-959D-DB3AB7B666DF} = {ADDEF6D6-E360-4B05-8834-A5D670303D19}
		{F878DF29-78A8-45F8-AEA1-2944A78D05D0} = {ADDEF6D6-E360-4B05-8834-A5D670303D19}
		{7FBC9B34-06F6-4DBC-8663-8CFF246158C6} = {9E1B4677-18D2-42CC-B6A7-6E134A34D66A}
		{DAF6F5F4-BEF3-45C7-9F0A-BDD3C9840CF6} = {6A1A2E19-B71E-4379-A60A-5D56986908CF}
		{14D61991-1F49-4BF5-8B2C-BEA716DE250F} = {6922B763-6260-433C-BB17-4E57A4EBDCFF}
		{A129BB04-B61B-4678-8EC2-3D399FFB39A2} = {2C3CC169-88A3-4469-ABF9-323E97D2A4D5}
		{A46E0361-5081-41EF-80B9-69834B31FDBD} = {8C808736-7E41-4C3B-A5D1-2EDE2D588F9C}
		{428F366F-B1D2-40D5-B071-1DC607633235} = {8C808736-7E41-4C3B-A5D1-2EDE2D588F9C}
		{3CFC6F06-5CA4-4F9E-B1D2-E82BB9634C43} = {6A1A2E19-B71E-4379-A60A-5D56986908CF}
		{09CCCC4A-0CEE-4F55-94E3-94B98C3EAFBE} = {EC382130-C9B8-4A36-AEA5-42DD9C2A5813}
		{8A0B6EF8-4C41-4EC2-97A8-0A3AAB68FB03} = {49BAE6DC-CBD5-45EA-8948-1DBD08DB8650}
		{5EB8054C-E2F4-41D7-99D3-C20E6F843B88} = {8C808736-7E41-4C3B-A5D1-2EDE2D588F9C}
		{946415D3-F154-4657-8440-7F5A3EF27DAC} = {5BFC1187-A6FC-4E89-B80C-50D90D86EC72}
		{AE1816E3-EF41-4CFA-9F1D-DB4B6388BE13} = {8C808736-7E41-4C3B-A5D1-2EDE2D588F9C}
		{202724BD-2CBD-47D3-AB9C-827CC68389F3} = {72EADDDC-0360-4EC8-A66C-4C070CC3CE17}
		{1086368F-002C-47F5-A660-2CD3474BF830} = {ADDEF6D6-E360-4B05-8834-A5D670303D19}
		{BE620363-5C9E-499F-A27B-F7CB477DE632} = {6A1A2E19-B71E-4379-A60A-5D56986908CF}
		{791D4895-D63A-4BC0-A636-6163CD96325D} = {BE620363-5C9E-499F-A27B-F7CB477DE632}
		{622321F7-3522-4912-B563-785F6424FF79} = {791D4895-D63A-4BC0-A636-6163CD96325D}
		{5C086BB4-A763-4879-81B0-DB7C25C6FF70} = {791D4895-D63A-4BC0-A636-6163CD96325D}
		{40BE9FAE-314E-4A2F-A6E1-7D091592DE81} = {791D4895-D63A-4BC0-A636-6163CD96325D}
		{A90E4382-B519-4FAD-B17A-CE9D777A57F5} = {BF2E9579-FEBB-47B8-AF47-9561FDFB5DED}
		{85C79C02-2554-4339-9655-162FE9EF1FF4} = {BF2E9579-FEBB-47B8-AF47-9561FDFB5DED}
		{0EABBF06-BAD2-4BC2-99CD-48AA80DF199B} = {BF2E9579-FEBB-47B8-AF47-9561FDFB5DED}
		{E8EC36A2-F192-49A6-8A3D-FB8CAEC145C6} = {BF2E9579-FEBB-47B8-AF47-9561FDFB5DED}
		{07CE7801-663C-4007-9322-263A04692B08} = {BF2E9579-FEBB-47B8-AF47-9561FDFB5DED}
	EndGlobalSection
EndGlobal
